
Microsoft Visual Studio Solution File, Format Version 12.00
# Visual Studio Version 17
VisualStudioVersion = 17.7.34221.43
MinimumVisualStudioVersion = 10.0.40219.1
Project("{9A19103F-16F7-4668-BE54-9A1E7A4F7556}") = "DotNetDemo.WebApi", "DotNetDemo.WebApi\DotNetDemo.WebApi.csproj", "{289D4C94-BCE8-492F-86C0-9B9756BE0200}"
EndProject
Project("{9A19103F-16F7-4668-BE54-9A1E7A4F7556}") = "CSharpBase", "CSharpBase\CSharpBase.csproj", "{7FE59C46-E965-44C5-82F6-AEF79E27CCD8}"
EndProject
Global
	GlobalSection(SolutionConfigurationPlatforms) = preSolution
		Debug|Any CPU = Debug|Any CPU
		Release|Any CPU = Release|Any CPU
	EndGlobalSection
	GlobalSection(ProjectConfigurationPlatforms) = postSolution
		{289D4C94-BCE8-492F-86C0-9B9756BE0200}.Debug|Any CPU.ActiveCfg = Debug|Any CPU
		{289D4C94-BCE8-492F-86C0-9B9756BE0200}.Debug|Any CPU.Build.0 = Debug|Any CPU
		{289D4C94-BCE8-492F-86C0-9B9756BE0200}.Release|Any CPU.ActiveCfg = Release|Any CPU
		{289D4C94-BCE8-492F-86C0-9B9756BE0200}.Release|Any CPU.Build.0 = Release|Any CPU
		{7FE59C46-E965-44C5-82F6-AEF79E27CCD8}.Debug|Any CPU.ActiveCfg = Debug|Any CPU
		{7FE59C46-E965-44C5-82F6-AEF79E27CCD8}.Debug|Any CPU.Build.0 = Debug|Any CPU
		{7FE59C46-E965-44C5-82F6-AEF79E27CCD8}.Release|Any CPU.ActiveCfg = Release|Any CPU
		{7FE59C46-E965-44C5-82F6-AEF79E27CCD8}.Release|Any CPU.Build.0 = Release|Any CPU
	EndGlobalSection
	GlobalSection(SolutionProperties) = preSolution
		HideSolutionNode = FALSE
	EndGlobalSection
	GlobalSection(ExtensibilityGlobals) = postSolution
		SolutionGuid = {4E24FFE4-E93F-48EC-B39E-2043FE1B1287}
	EndGlobalSection
EndGlobal
